
Microsoft Visual Studio Solution File, Format Version 12.00
# Visual Studio Version 17
VisualStudioVersion = 17.9.34616.47
MinimumVisualStudioVersion = 10.0.40219.1
Project("{FAE04EC0-301F-11D3-BF4B-00C04F79EFBC}") = "tpmodul5_1302223006", "tpmodul5_1302223006\tpmodul5_1302223006.csproj", "{5C2F5F2F-4E74-435B-82C7-2F78864E192B}"
EndProject
Global
	GlobalSection(SolutionConfigurationPlatforms) = preSolution
		Debug|Any CPU = Debug|Any CPU
		Release|Any CPU = Release|Any CPU
	EndGlobalSection
	GlobalSection(ProjectConfigurationPlatforms) = postSolution
		{5C2F5F2F-4E74-435B-82C7-2F78864E192B}.Debug|Any CPU.ActiveCfg = Debug|Any CPU
		{5C2F5F2F-4E74-435B-82C7-2F78864E192B}.Debug|Any CPU.Build.0 = Debug|Any CPU
		{5C2F5F2F-4E74-435B-82C7-2F78864E192B}.Release|Any CPU.ActiveCfg = Release|Any CPU
		{5C2F5F2F-4E74-435B-82C7-2F78864E192B}.Release|Any CPU.Build.0 = Release|Any CPU
	EndGlobalSection
	GlobalSection(SolutionProperties) = preSolution
		HideSolutionNode = FALSE
	EndGlobalSection
	GlobalSection(ExtensibilityGlobals) = postSolution
		SolutionGuid = {747ED052-1758-49BB-8EF5-34D397173C1A}
	EndGlobalSection
EndGlobal
